
Microsoft Visual Studio Solution File, Format Version 12.00
# Visual Studio Version 17
VisualStudioVersion = 17.0.32014.148
MinimumVisualStudioVersion = 10.0.40219.1
Project("{FAE04EC0-301F-11D3-BF4B-00C04F79EFBC}") = "CinemaAppAdoNet", "CinemaAppAdoNet\CinemaAppAdoNet.csproj", "{057A6D75-A4AB-4816-B6E3-9A0B379C64E0}"
EndProject
Global
	GlobalSection(SolutionConfigurationPlatforms) = preSolution
		Debug|Any CPU = Debug|Any CPU
		Release|Any CPU = Release|Any CPU
	EndGlobalSection
	GlobalSection(ProjectConfigurationPlatforms) = postSolution
		{057A6D75-A4AB-4816-B6E3-9A0B379C64E0}.Debug|Any CPU.ActiveCfg = Debug|Any CPU
		{057A6D75-A4AB-4816-B6E3-9A0B379C64E0}.Debug|Any CPU.Build.0 = Debug|Any CPU
		{057A6D75-A4AB-4816-B6E3-9A0B379C64E0}.Release|Any CPU.ActiveCfg = Release|Any CPU
		{057A6D75-A4AB-4816-B6E3-9A0B379C64E0}.Release|Any CPU.Build.0 = Release|Any CPU
	EndGlobalSection
	GlobalSection(SolutionProperties) = preSolution
		HideSolutionNode = FALSE
	EndGlobalSection
	GlobalSection(ExtensibilityGlobals) = postSolution
		SolutionGuid = {7A4D87AE-91C3-47EE-9282-5DABB89D81F7}
	EndGlobalSection
EndGlobal
